
Microsoft Visual Studio Solution File, Format Version 12.00
# Visual Studio Version 16
VisualStudioVersion = 16.0.30621.155
MinimumVisualStudioVersion = 10.0.40219.1
Project("{FAE04EC0-301F-11D3-BF4B-00C04F79EFBC}") = "Lab2", "Lab2\Lab2.csproj", "{A861EA2B-823B-4117-8CC2-5BC0DF7C0DD6}"
EndProject
Global
	GlobalSection(SolutionConfigurationPlatforms) = preSolution
		Debug|Any CPU = Debug|Any CPU
		Release|Any CPU = Release|Any CPU
	EndGlobalSection
	GlobalSection(ProjectConfigurationPlatforms) = postSolution
		{A861EA2B-823B-4117-8CC2-5BC0DF7C0DD6}.Debug|Any CPU.ActiveCfg = Debug|Any CPU
		{A861EA2B-823B-4117-8CC2-5BC0DF7C0DD6}.Debug|Any CPU.Build.0 = Debug|Any CPU
		{A861EA2B-823B-4117-8CC2-5BC0DF7C0DD6}.Release|Any CPU.ActiveCfg = Release|Any CPU
		{A861EA2B-823B-4117-8CC2-5BC0DF7C0DD6}.Release|Any CPU.Build.0 = Release|Any CPU
	EndGlobalSection
	GlobalSection(SolutionProperties) = preSolution
		HideSolutionNode = FALSE
	EndGlobalSection
	GlobalSection(ExtensibilityGlobals) = postSolution
		SolutionGuid = {F90125F5-0961-42B6-AD32-7B83334209A5}
	EndGlobalSection
EndGlobal
